
Microsoft Visual Studio Solution File, Format Version 12.00
# Visual Studio 15
VisualStudioVersion = 15.0.28010.2036
MinimumVisualStudioVersion = 10.0.40219.1
Project("{2150E333-8FDC-42A3-9474-1A3956D46DE8}") = "Helper", "Helper", "{91B0BBFA-34C4-426D-92CC-B6E33204D656}"
EndProject
Project("{2150E333-8FDC-42A3-9474-1A3956D46DE8}") = "DataContext", "DataContext", "{A80BBA70-8D88-4AED-9E37-A66F516D859D}"
EndProject
Project("{2150E333-8FDC-42A3-9474-1A3956D46DE8}") = "Tester", "Tester", "{0A9A3A93-AD7B-4FCB-9DF7-016210FB1401}"
EndProject
Project("{9A19103F-16F7-4668-BE54-9A1E7A4F7556}") = "EFHelper", "Helper\EFHelper\EFHelper.csproj", "{D71A0252-C4E9-40E5-83AF-A8DDFBF66610}"
EndProject
Project("{9A19103F-16F7-4668-BE54-9A1E7A4F7556}") = "MirrorDB", "MirrorDB\MirrorDB.csproj", "{39F847CC-B7DD-4FD2-BBA8-EFF807751181}"
EndProject
Project("{2150E333-8FDC-42A3-9474-1A3956D46DE8}") = "AccessLayer", "AccessLayer", "{3B72C7D7-8E98-4183-BB15-AA11DF31E54F}"
EndProject
Project("{9A19103F-16F7-4668-BE54-9A1E7A4F7556}") = "MirrorLayer", "AccessLayer\MirrorLayer\MirrorLayer.csproj", "{9D895C47-20C2-4EF8-930B-E676A9C60F95}"
EndProject
Project("{9A19103F-16F7-4668-BE54-9A1E7A4F7556}") = "MirrorLayerTester", "Tester\MirrorTester\MirrorLayerTester\MirrorLayerTester.csproj", "{AD13F598-626B-43B6-8EB1-DFD73213C1C5}"
EndProject
Project("{2150E333-8FDC-42A3-9474-1A3956D46DE8}") = "Web", "Web", "{909BE543-823D-4C51-BED2-C20DAAFE241F}"
EndProject
Project("{9A19103F-16F7-4668-BE54-9A1E7A4F7556}") = "WebApi", "Web\WebApi\WebApi.csproj", "{EF552BE3-2768-4C76-9C54-5229642A09C0}"
EndProject
Project("{9A19103F-16F7-4668-BE54-9A1E7A4F7556}") = "GenHelper", "Helper\GenHelper\GenHelper.csproj", "{1411D9E6-26E0-41F3-BCB2-31F2115C8405}"
EndProject
Global
	GlobalSection(SolutionConfigurationPlatforms) = preSolution
		Debug|Any CPU = Debug|Any CPU
		Release|Any CPU = Release|Any CPU
	EndGlobalSection
	GlobalSection(ProjectConfigurationPlatforms) = postSolution
		{D71A0252-C4E9-40E5-83AF-A8DDFBF66610}.Debug|Any CPU.ActiveCfg = Debug|Any CPU
		{D71A0252-C4E9-40E5-83AF-A8DDFBF66610}.Debug|Any CPU.Build.0 = Debug|Any CPU
		{D71A0252-C4E9-40E5-83AF-A8DDFBF66610}.Release|Any CPU.ActiveCfg = Release|Any CPU
		{D71A0252-C4E9-40E5-83AF-A8DDFBF66610}.Release|Any CPU.Build.0 = Release|Any CPU
		{39F847CC-B7DD-4FD2-BBA8-EFF807751181}.Debug|Any CPU.ActiveCfg = Debug|Any CPU
		{39F847CC-B7DD-4FD2-BBA8-EFF807751181}.Debug|Any CPU.Build.0 = Debug|Any CPU
		{39F847CC-B7DD-4FD2-BBA8-EFF807751181}.Release|Any CPU.ActiveCfg = Release|Any CPU
		{39F847CC-B7DD-4FD2-BBA8-EFF807751181}.Release|Any CPU.Build.0 = Release|Any CPU
		{9D895C47-20C2-4EF8-930B-E676A9C60F95}.Debug|Any CPU.ActiveCfg = Debug|Any CPU
		{9D895C47-20C2-4EF8-930B-E676A9C60F95}.Debug|Any CPU.Build.0 = Debug|Any CPU
		{9D895C47-20C2-4EF8-930B-E676A9C60F95}.Release|Any CPU.ActiveCfg = Release|Any CPU
		{9D895C47-20C2-4EF8-930B-E676A9C60F95}.Release|Any CPU.Build.0 = Release|Any CPU
		{AD13F598-626B-43B6-8EB1-DFD73213C1C5}.Debug|Any CPU.ActiveCfg = Debug|Any CPU
		{AD13F598-626B-43B6-8EB1-DFD73213C1C5}.Debug|Any CPU.Build.0 = Debug|Any CPU
		{AD13F598-626B-43B6-8EB1-DFD73213C1C5}.Release|Any CPU.ActiveCfg = Release|Any CPU
		{AD13F598-626B-43B6-8EB1-DFD73213C1C5}.Release|Any CPU.Build.0 = Release|Any CPU
		{EF552BE3-2768-4C76-9C54-5229642A09C0}.Debug|Any CPU.ActiveCfg = Debug|Any CPU
		{EF552BE3-2768-4C76-9C54-5229642A09C0}.Debug|Any CPU.Build.0 = Debug|Any CPU
		{EF552BE3-2768-4C76-9C54-5229642A09C0}.Release|Any CPU.ActiveCfg = Release|Any CPU
		{EF552BE3-2768-4C76-9C54-5229642A09C0}.Release|Any CPU.Build.0 = Release|Any CPU
		{1411D9E6-26E0-41F3-BCB2-31F2115C8405}.Debug|Any CPU.ActiveCfg = Debug|Any CPU
		{1411D9E6-26E0-41F3-BCB2-31F2115C8405}.Debug|Any CPU.Build.0 = Debug|Any CPU
		{1411D9E6-26E0-41F3-BCB2-31F2115C8405}.Release|Any CPU.ActiveCfg = Release|Any CPU
		{1411D9E6-26E0-41F3-BCB2-31F2115C8405}.Release|Any CPU.Build.0 = Release|Any CPU
	EndGlobalSection
	GlobalSection(SolutionProperties) = preSolution
		HideSolutionNode = FALSE
	EndGlobalSection
	GlobalSection(NestedProjects) = preSolution
		{D71A0252-C4E9-40E5-83AF-A8DDFBF66610} = {91B0BBFA-34C4-426D-92CC-B6E33204D656}
		{39F847CC-B7DD-4FD2-BBA8-EFF807751181} = {A80BBA70-8D88-4AED-9E37-A66F516D859D}
		{9D895C47-20C2-4EF8-930B-E676A9C60F95} = {3B72C7D7-8E98-4183-BB15-AA11DF31E54F}
		{AD13F598-626B-43B6-8EB1-DFD73213C1C5} = {0A9A3A93-AD7B-4FCB-9DF7-016210FB1401}
		{EF552BE3-2768-4C76-9C54-5229642A09C0} = {909BE543-823D-4C51-BED2-C20DAAFE241F}
		{1411D9E6-26E0-41F3-BCB2-31F2115C8405} = {91B0BBFA-34C4-426D-92CC-B6E33204D656}
	EndGlobalSection
	GlobalSection(ExtensibilityGlobals) = postSolution
		SolutionGuid = {886A627A-4B81-4B6F-8CA6-2488EFB6DB87}
	EndGlobalSection
EndGlobal
